<?xml version="1.0" encoding="utf-8"?>
<Project ToolsVersion="4.0" xmlns="http://schemas.microsoft.com/developer/msbuild/2003">
  <ItemGroup>
    <Filter Include="Source Files">
      <UniqueIdentifier>{4FC737F1-C7A5-4376-A066-2A32D752A2FF}</UniqueIdentifier>
      <Extensions>cpp;c;cc;cxx;c++;cppm;ixx;def;odl;idl;hpj;bat;asm;asmx</Extensions>
    </Filter>
    <Filter Include="Header Files">
      <UniqueIdentifier>{93995380-89BD-4b04-88EB-625FBE52EBFB}</UniqueIdentifier>
      <Extensions>h;hh;hpp;hxx;h++;hm;inl;inc;ipp;xsd</Extensions>
    </Filter>
    <Filter Include="Resource Files">
      <UniqueIdentifier>{67DA6AB6-F800-4c08-8B7A-83BB121AAD01}</UniqueIdentifier>
      <Extensions>rc;ico;cur;bmp;dlg;rc2;rct;bin;rgs;gif;jpg;jpeg;jpe;resx;tiff;tif;png;wav;mfcribbon-ms</Extensions>
    </Filter>
    <Filter Include="Source Files\Shaders">
      <UniqueIdentifier>{1aece519-63d3-4921-b268-c0e852ea14c9}</UniqueIdentifier>
    </Filter>
    <Filter Include="Header Files\Shaders">
      <UniqueIdentifier>{f440f19b-ff7f-4c2b-933f-7a97e5ab6318}</UniqueIdentifier>
    </Filter>
    <Filter Include="Resource Files\Shaders">
      <UniqueIdentifier>{ae75c9ef-575e-4a3d-a3c3-835665a2fb6b}</UniqueIdentifier>
    </Filter>
    <Filter Include="Header Files\ModelManager">
      <UniqueIdentifier>{66a00cce-b9d1-4ede-90bf-475ecebbefff}</UniqueIdentifier>
    </Filter>
    <Filter Include="Source Files\ModelManager">
      <UniqueIdentifier>{2752b990-6cbb-4d2a-aead-f598f2b2b404}</UniqueIdentifier>
    </Filter>
    <Filter Include="Resource Files\Models">
      <UniqueIdentifier>{4874e90e-4b5c-4f0a-8e7c-3f80c667980b}</UniqueIdentifier>
    </Filter>
    <Filter Include="Source Files\World">
      <UniqueIdentifier>{2fd856d1-3b6f-4f03-a579-af2a809d8b72}</UniqueIdentifier>
    </Filter>
    <Filter Include="Header Files\World">
      <UniqueIdentifier>{92598def-6d88-457d-98ef-c6b8fd2259f6}</UniqueIdentifier>
    </Filter>
    <Filter Include="Source Files\Events">
      <UniqueIdentifier>{27044d86-58af-494b-866a-f78f1a712980}</UniqueIdentifier>
    </Filter>
    <Filter Include="Header Files\Events">
      <UniqueIdentifier>{59078c06-0ce4-4440-9a51-8fb9f3caec8a}</UniqueIdentifier>
    </Filter>
    <Filter Include="Header Files\Rendering">
      <UniqueIdentifier>{2bd908ef-9f1d-4a2d-ae35-2c7085f3e4db}</UniqueIdentifier>
    </Filter>
    <Filter Include="Source Files\Rendering">
      <UniqueIdentifier>{6ab35d4d-5554-4db0-86a6-b7815c69d379}</UniqueIdentifier>
    </Filter>
    <Filter Include="Header Files\World\SceneNode">
      <UniqueIdentifier>{fb22b8a9-1d0a-416d-b32c-12d3c1ddef4c}</UniqueIdentifier>
    </Filter>
    <Filter Include="Source Files\World\SceneNode">
      <UniqueIdentifier>{76347220-ae86-4e0b-ae2b-4edf3fcb1279}</UniqueIdentifier>
    </Filter>
    <Filter Include="Header Files\World\SceneNode\Components">
      <UniqueIdentifier>{91fa35b6-f8e4-4e50-a6c0-fb7de3fbaad3}</UniqueIdentifier>
    </Filter>
    <Filter Include="Source Files\World\SceneNode\Components">
      <UniqueIdentifier>{548b663a-173c-4550-8654-6f571e01f030}</UniqueIdentifier>
    </Filter>
    <Filter Include="Header Files\Shaders\Data">
      <UniqueIdentifier>{ab17d834-0ec2-45bd-8c49-20721f849cb7}</UniqueIdentifier>
    </Filter>
    <Filter Include="Resource Files\lua">
      <UniqueIdentifier>{3ab5c752-377c-4878-a201-97d803dbe391}</UniqueIdentifier>
    </Filter>
    <Filter Include="Source Files\World\SceneNode\AI">
      <UniqueIdentifier>{af53b32e-6357-4a79-90a6-716c4e1a363e}</UniqueIdentifier>
    </Filter>
    <Filter Include="Header Files\World\SceneNode\AI">
      <UniqueIdentifier>{56ef98b7-c0c2-47e6-b71d-2e37ceb950e0}</UniqueIdentifier>
    </Filter>
    <Filter Include="Header Files\World\SceneNode\Controls">
      <UniqueIdentifier>{dcca6593-18e1-4db3-98a9-70e31746e403}</UniqueIdentifier>
    </Filter>
    <Filter Include="Resource Files\Sound">
      <UniqueIdentifier>{4f6b6313-fd3a-495a-b894-e6a41e62b65e}</UniqueIdentifier>
    </Filter>
    <Filter Include="Header Files\RAII">
      <UniqueIdentifier>{741c5e38-77c9-4117-a98a-afe359f6a011}</UniqueIdentifier>
    </Filter>
  </ItemGroup>
  <ItemGroup>
    <ClCompile Include="src\main.cpp">
      <Filter>Source Files</Filter>
    </ClCompile>
    <ClCompile Include="src\Errors.cpp">
      <Filter>Source Files</Filter>
    </ClCompile>
    <ClCompile Include="src\Shader.cpp">
      <Filter>Source Files\Shaders</Filter>
    </ClCompile>
    <ClCompile Include="src\ModelManager.cpp">
      <Filter>Source Files\ModelManager</Filter>
    </ClCompile>
    <ClCompile Include="src\ShaderManager.cpp">
      <Filter>Source Files\Shaders</Filter>
    </ClCompile>
    <ClCompile Include="src\GltfParser.cpp">
      <Filter>Source Files\ModelManager</Filter>
    </ClCompile>
    <ClCompile Include="src\World.cpp">
      <Filter>Source Files\World</Filter>
    </ClCompile>
    <ClCompile Include="src\EventHandler.cpp">
      <Filter>Source Files\Events</Filter>
    </ClCompile>
    <ClCompile Include="src\RenderingEngine.cpp">
      <Filter>Source Files\Rendering</Filter>
    </ClCompile>
    <ClCompile Include="src\Basic5RenderingController.cpp">
      <Filter>Source Files\Rendering</Filter>
    </ClCompile>
    <ClCompile Include="src\Basic6RenderingController.cpp">
      <Filter>Source Files\Rendering</Filter>
    </ClCompile>
    <ClCompile Include="src\SceneNode.cpp">
      <Filter>Source Files\World\SceneNode</Filter>
    </ClCompile>
    <ClCompile Include="src\SceneNodeBuilder.cpp">
      <Filter>Source Files\World\SceneNode</Filter>
    </ClCompile>
    <ClCompile Include="src\CameraComponent.cpp">
      <Filter>Source Files\World\SceneNode\Components</Filter>
    </ClCompile>
    <ClCompile Include="src\TransformationComponent.cpp">
      <Filter>Source Files\World\SceneNode\Components</Filter>
    </ClCompile>
    <ClCompile Include="src\ControllerComponent.cpp">
      <Filter>Source Files\World\SceneNode\Components</Filter>
    </ClCompile>
    <ClCompile Include="src\Audio.cpp">
      <Filter>Source Files</Filter>
    </ClCompile>
    <ClCompile Include="src\CollsionDetector.cpp">
      <Filter>Source Files</Filter>
    </ClCompile>
    <ClCompile Include="src\TextureManager.cpp">
      <Filter>Source Files</Filter>
    </ClCompile>
    <ClCompile Include="src\RibbonManager.cpp">
      <Filter>Source Files</Filter>
    </ClCompile>
  </ItemGroup>
  <ItemGroup>
    <ClInclude Include="src\Errors.h">
      <Filter>Header Files</Filter>
    </ClInclude>
    <ClInclude Include="src\Material.h">
      <Filter>Header Files</Filter>
    </ClInclude>
    <ClInclude Include="src\helper.h">
      <Filter>Header Files</Filter>
    </ClInclude>
    <ClInclude Include="src\resource.h">
      <Filter>Header Files</Filter>
    </ClInclude>
    <ClInclude Include="src\ModelManager.h">
      <Filter>Header Files\ModelManager</Filter>
    </ClInclude>
    <ClInclude Include="src\DrawableBuffer.h">
      <Filter>Header Files\ModelManager</Filter>
    </ClInclude>
    <ClInclude Include="src\ShaderManager.h">
      <Filter>Header Files\Shaders</Filter>
    </ClInclude>
    <ClInclude Include="src\GltfParser.h">
      <Filter>Header Files\ModelManager</Filter>
    </ClInclude>
    <ClInclude Include="src\World.h">
      <Filter>Header Files\World</Filter>
    </ClInclude>
    <ClInclude Include="src\Transformer.h">
      <Filter>Header Files\World</Filter>
    </ClInclude>
    <ClInclude Include="src\EventHandler.h">
      <Filter>Header Files\Events</Filter>
    </ClInclude>
    <ClInclude Include="src\light.h">
      <Filter>Header Files\Shaders</Filter>
    </ClInclude>
    <ClInclude Include="src\RenderingController.h">
      <Filter>Header Files\Rendering</Filter>
    </ClInclude>
    <ClInclude Include="src\Basic6RenderingController.h">
      <Filter>Header Files\Rendering</Filter>
    </ClInclude>
    <ClInclude Include="src\SceneNode.h">
      <Filter>Header Files\World\SceneNode</Filter>
    </ClInclude>
    <ClInclude Include="src\Component.h">
      <Filter>Header Files\World\SceneNode\Components</Filter>
    </ClInclude>
    <ClInclude Include="src\CameraComponent.h">
      <Filter>Header Files\World\SceneNode\Components</Filter>
    </ClInclude>
    <ClInclude Include="src\LightComponent.h">
      <Filter>Header Files\World\SceneNode\Components</Filter>
    </ClInclude>
    <ClInclude Include="src\RenderableComponent.h">
      <Filter>Header Files\World\SceneNode\Components</Filter>
    </ClInclude>
    <ClInclude Include="src\TransformationComponent.h">
      <Filter>Header Files\World\SceneNode\Components</Filter>
    </ClInclude>
    <ClInclude Include="src\PhongRenderingData.h">
      <Filter>Header Files\Shaders\Data</Filter>
    </ClInclude>
    <ClInclude Include="src\ShaderData.h">
      <Filter>Header Files\Shaders</Filter>
    </ClInclude>
    <ClInclude Include="src\KeyTracker.h">
      <Filter>Header Files\Events</Filter>
    </ClInclude>
    <ClInclude Include="src\MouseTracker.h">
      <Filter>Header Files\Events</Filter>
    </ClInclude>
    <ClInclude Include="src\Shader.h">
      <Filter>Header Files\Shaders</Filter>
    </ClInclude>
    <ClInclude Include="src\SceneNodeBuilder.h">
      <Filter>Header Files\World</Filter>
    </ClInclude>
    <ClInclude Include="src\RenderingEngine.h">
      <Filter>Header Files\Rendering</Filter>
    </ClInclude>
    <ClInclude Include="src\EventListenerInterface.h">
      <Filter>Header Files\Events</Filter>
    </ClInclude>
    <ClInclude Include="src\Basic5RenderingController.h">
      <Filter>Header Files\Rendering</Filter>
    </ClInclude>
    <ClInclude Include="src\UniformBufferManager.h">
      <Filter>Header Files\Shaders</Filter>
    </ClInclude>
    <ClInclude Include="src\AIBehavior.h">
      <Filter>Header Files\World\SceneNode\AI</Filter>
    </ClInclude>
    <ClInclude Include="src\RandomWanderBehavior.h">
      <Filter>Header Files\World\SceneNode\AI</Filter>
    </ClInclude>
    <ClInclude Include="src\AIComponent.h">
      <Filter>Header Files\World\SceneNode\Components</Filter>
    </ClInclude>
    <ClInclude Include="src\Controls.h">
      <Filter>Header Files\World\SceneNode\Controls</Filter>
    </ClInclude>
    <ClInclude Include="src\FirstCameraControls.h">
      <Filter>Header Files\World\SceneNode\Controls</Filter>
    </ClInclude>
    <ClInclude Include="src\RotateModelControls.h">
      <Filter>Header Files\World\SceneNode\Controls</Filter>
    </ClInclude>
    <ClInclude Include="src\Audio.h">
      <Filter>Header Files</Filter>
    </ClInclude>
    <ClInclude Include="src\ControllerComponent.h">
      <Filter>Header Files\World\SceneNode\Components</Filter>
    </ClInclude>
    <ClInclude Include="src\AABB.h">
      <Filter>Header Files</Filter>
    </ClInclude>
    <ClInclude Include="src\CollsionDetector.h">
      <Filter>Header Files</Filter>
    </ClInclude>
    <ClInclude Include="src\CollisionComponent.h">
      <Filter>Header Files\World\SceneNode\Components</Filter>
    </ClInclude>
    <ClInclude Include="src\RibbonComponent.h">
      <Filter>Header Files\World\SceneNode\Components</Filter>
    </ClInclude>
    <ClInclude Include="src\RibbonBufferData.h">
      <Filter>Header Files\Rendering</Filter>
    </ClInclude>
    <ClInclude Include="src\RibbonManager.h">
      <Filter>Header Files\Rendering</Filter>
    </ClInclude>
    <ClInclude Include="src\TextureManager.h">
      <Filter>Header Files\Rendering</Filter>
    </ClInclude>
  </ItemGroup>
  <ItemGroup>
    <None Include="lighting.shader">
      <Filter>Resource Files\Shaders</Filter>
    </None>
    <None Include="Reasources\Shaders\lighting.shader">
      <Filter>Resource Files\Shaders</Filter>
    </None>
    <None Include="Reasources\Shaders\mvp_shader.shader">
      <Filter>Resource Files\Shaders</Filter>
    </None>
    <None Include="Reasources\Shaders\skybox.shader">
      <Filter>Resource Files\Shaders</Filter>
    </None>
    <None Include="Reasources\Shaders\textured.shader">
      <Filter>Resource Files\Shaders</Filter>
    </None>
    <None Include="Reasources\Models\cube.gltf">
      <Filter>Resource Files\Models</Filter>
    </None>
    <None Include="Reasources\Models\cube_and_sphere.gltf">
      <Filter>Resource Files\Models</Filter>
    </None>
    <None Include="Reasources\Models\Monkey.gltf">
      <Filter>Resource Files\Models</Filter>
    </None>
    <None Include="Resources\Shaders\mvp_uniform_buffer.shader">
      <Filter>Resource Files\Shaders</Filter>
    </None>
    <None Include="Resources\Shaders\basic_2.shader">
      <Filter>Resource Files\Shaders</Filter>
    </None>
    <None Include="Resources\Shaders\basic_3.shader">
      <Filter>Resource Files\Shaders</Filter>
    </None>
    <None Include="Resources\Shaders\basic_4.shader">
      <Filter>Resource Files\Shaders</Filter>
    </None>
    <None Include="Resources\Shaders\basic_5.shader">
      <Filter>Resource Files\Shaders</Filter>
    </None>
    <None Include="Resources\Shaders\phong.shader">
      <Filter>Resource Files\Shaders</Filter>
    </None>
    <None Include="Resources\Lua\prefabs.lua">
      <Filter>Resource Files\lua</Filter>
    </None>
    <None Include="Resources\Lua\village_scene.lua">
      <Filter>Resource Files\lua</Filter>
    </None>
    <None Include="src\fetch_quest.lua">
      <Filter>Resource Files\lua</Filter>
    </None>
    <None Include="Resources\Shaders\basic_1.shader">
      <Filter>Resource Files\Shaders</Filter>
    </None>
    <None Include="Resources\Models\Robot.gltf">
      <Filter>Resource Files\Models</Filter>
    </None>
    <None Include="Resources\sources.csv">
      <Filter>Resource Files\Sound</Filter>
    </None>
    <None Include="Resources\Shaders\ribbon.shader">
      <Filter>Resource Files\Shaders</Filter>
    </None>
  </ItemGroup>
  <ItemGroup>
    <Text Include="Resources\todo.txt">
      <Filter>Resource Files</Filter>
    </Text>
  </ItemGroup>
  <ItemGroup>
    <Media Include="Resources\Sounds\320853__eloimarin__hello-world-chirp.wav">
      <Filter>Resource Files\Sound</Filter>
    </Media>
  </ItemGroup>
</Project>